<?xml version="1.0" encoding="utf-8"?>
<Project ToolsVersion="4.0" xmlns="http://schemas.microsoft.com/developer/msbuild/2003">
  <ItemGroup>
    <Filter Include="Source Files">
      <UniqueIdentifier>{6bd61609-07dc-4d78-a519-965afd0fd624}</UniqueIdentifier>
      <Extensions>cpp;c;cxx;def;r;odl;hpj;bat;for;f90</Extensions>
    </Filter>
    <Filter Include="Header Files">
      <UniqueIdentifier>{90dbb7a1-1c49-4dd7-87e2-bbabb25fe1e0}</UniqueIdentifier>
      <Extensions>h;hpp;hxx;inl;fi;fd</Extensions>
    </Filter>
    <Filter Include="Resource Files">
      <UniqueIdentifier>{4f629d12-26ca-415c-9d53-7c42066c3c12}</UniqueIdentifier>
      <Extensions>rc;ico;cur;bmp;dlg;rc2;rct;cnt;rtf;gif;jpg;jpeg;jpe</Extensions>
    </Filter>
  </ItemGroup>
  <ItemGroup>
    <ClCompile Include="Cube.cpp">
      <Filter>Source Files</Filter>
    </ClCompile>
    <ClCompile Include="Cubedoc.cpp">
      <Filter>Source Files</Filter>
    </ClCompile>
    <ClCompile Include="Cubeview.cpp">
      <Filter>Source Files</Filter>
    </ClCompile>
    <ClCompile Include="Mainfrm.cpp">
      <Filter>Source Files</Filter>
    </ClCompile>
    <ClCompile Include="Stdafx.cpp">
      <Filter>Source Files</Filter>
    </ClCompile>
    <ClCompile Include="csettings.cpp">
      <Filter>Source Files</Filter>
    </ClCompile>
    <ClCompile Include="csettings2.cpp">
      <Filter>Source Files</Filter>
    </ClCompile>
    <ClCompile Include="csettings3.cpp">
      <Filter>Source Files</Filter>
    </ClCompile>
    <ClCompile Include="csettings4.cpp">
      <Filter>Source Files</Filter>
    </ClCompile>
    <ClCompile Include="extern.h">
      <Filter>Header Files</Filter>
    </ClCompile>
  </ItemGroup>
  <ItemGroup>
    <ClInclude Include="Cube.h">
      <Filter>Header Files</Filter>
    </ClInclude>
    <ClInclude Include="Cubedoc.h">
      <Filter>Header Files</Filter>
    </ClInclude>
    <ClInclude Include="Cubeview.h">
      <Filter>Header Files</Filter>
    </ClInclude>
    <ClInclude Include="Mainfrm.h">
      <Filter>Header Files</Filter>
    </ClInclude>
    <ClInclude Include="Resource.h">
      <Filter>Header Files</Filter>
    </ClInclude>
    <ClInclude Include="Stdafx.h">
      <Filter>Header Files</Filter>
    </ClInclude>
    <ClInclude Include="strgrp.h">
      <Filter>Header Files</Filter>
    </ClInclude>
    <ClInclude Include="csettings.h">
      <Filter>Header Files</Filter>
    </ClInclude>
    <ClInclude Include="csettings2.h">
      <Filter>Header Files</Filter>
    </ClInclude>
    <ClInclude Include="csettings3.h">
      <Filter>Header Files</Filter>
    </ClInclude>
    <ClInclude Include="soundfont.h">
      <Filter>Header Files</Filter>
    </ClInclude>
    <ClInclude Include="gm.h">
      <Filter>Header Files</Filter>
    </ClInclude>
    <ClInclude Include="csettings4.h">
      <Filter>Header Files</Filter>
    </ClInclude>
  </ItemGroup>
  <ItemGroup>
    <Image Include="Res\Cube.ico">
      <Filter>Resource Files</Filter>
    </Image>
    <Image Include="Res\Toolbar.bmp">
      <Filter>Resource Files</Filter>
    </Image>
  </ItemGroup>
  <ItemGroup>
    <ResourceCompile Include="Cube.rc">
      <Filter>Resource Files</Filter>
    </ResourceCompile>
  </ItemGroup>
  <ItemGroup>
    <None Include="Res\Cube.rc2">
      <Filter>Resource Files</Filter>
    </None>
    <None Include="ReadMe.htm" />
  </ItemGroup>
</Project>